Microsoft Visual Studio Solution File, Format Version 12.00
# Visual Studio Version 17
VisualStudioVersion = 17.5.2.0
MinimumVisualStudioVersion = 10.0.40219.1
Project("{2150E333-8FDC-42A3-9474-1A3956D46DE8}") = "sdk", "sdk", "{FF13A09E-0E72-1904-124B-A4E979EF28D3}"
EndProject
Project("{2150E333-8FDC-42A3-9474-1A3956D46DE8}") = "csharp", "csharp", "{455910FC-CC9B-244E-E3A8-78E8113461FC}"
EndProject
Project("{FAE04EC0-301F-11D3-BF4B-00C04F79EFBC}") = "SwimClient", "sdk\csharp\SwimClient\SwimClient.csproj", "{B0E34C50-BA35-9A11-BBC0-EFB8AA9A6CA5}"
EndProject
Global
	GlobalSection(SolutionConfigurationPlatforms) = preSolution
		Debug|Any CPU = Debug|Any CPU
		Release|Any CPU = Release|Any CPU
	EndGlobalSection
	GlobalSection(ProjectConfigurationPlatforms) = postSolution
		{B0E34C50-BA35-9A11-BBC0-EFB8AA9A6CA5}.Debug|Any CPU.ActiveCfg = Debug|Any CPU
		{B0E34C50-BA35-9A11-BBC0-EFB8AA9A6CA5}.Debug|Any CPU.Build.0 = Debug|Any CPU
		{B0E34C50-BA35-9A11-BBC0-EFB8AA9A6CA5}.Release|Any CPU.ActiveCfg = Release|Any CPU
		{B0E34C50-BA35-9A11-BBC0-EFB8AA9A6CA5}.Release|Any CPU.Build.0 = Release|Any CPU
	EndGlobalSection
	GlobalSection(SolutionProperties) = preSolution
		HideSolutionNode = FALSE
	EndGlobalSection
	GlobalSection(NestedProjects) = preSolution
		{455910FC-CC9B-244E-E3A8-78E8113461FC} = {FF13A09E-0E72-1904-124B-A4E979EF28D3}
		{B0E34C50-BA35-9A11-BBC0-EFB8AA9A6CA5} = {455910FC-CC9B-244E-E3A8-78E8113461FC}
	EndGlobalSection
	GlobalSection(ExtensibilityGlobals) = postSolution
		SolutionGuid = {C853731A-38DC-48B7-AF3F-0791A858AE35}
	EndGlobalSection
EndGlobal
